<?xml version="1.0" encoding="utf-8"?>
<Project ToolsVersion="4.0" xmlns="http://schemas.microsoft.com/developer/msbuild/2003">
  <ItemGroup>
    <ClCompile Include="RushTaurantSecrets.cpp" />
    <ClCompile Include="src\components\Animator.cpp">
      <Filter>Archivos de origen\components</Filter>
    </ClCompile>
    <ClCompile Include="src\utils\Collisions.cpp">
      <Filter>Archivos de origen\utils</Filter>
    </ClCompile>
    <ClCompile Include="src\structure\Component.cpp">
      <Filter>Archivos de origen\structure</Filter>
    </ClCompile>
    <ClCompile Include="src\components\CookingMachineComp.cpp">
      <Filter>Archivos de origen\components</Filter>
    </ClCompile>
    <ClCompile Include="src\components\DeskComp.cpp">
      <Filter>Archivos de origen\components</Filter>
    </ClCompile>
    <ClCompile Include="src\structure\DishCombinator.cpp">
      <Filter>Archivos de origen\randomStuff</Filter>
    </ClCompile>
    <ClCompile Include="src\structure\Game.cpp">
      <Filter>Archivos de origen\structure</Filter>
    </ClCompile>
    <ClCompile Include="src\structure\GameObject.cpp">
      <Filter>Archivos de origen\structure</Filter>
    </ClCompile>
    <ClCompile Include="src\components\InventoryComp.cpp">
      <Filter>Archivos de origen\components</Filter>
    </ClCompile>
    <ClCompile Include="src\json\JSON.cpp">
      <Filter>Archivos de origen\libraries</Filter>
    </ClCompile>
    <ClCompile Include="src\json\json_demo.cpp">
      <Filter>Archivos de origen\libraries</Filter>
    </ClCompile>
    <ClCompile Include="src\json\JSONValue.cpp">
      <Filter>Archivos de origen\libraries</Filter>
    </ClCompile>
    <ClCompile Include="src\components\MapCreator.cpp">
      <Filter>Archivos de origen\components</Filter>
    </ClCompile>
    <ClCompile Include="src\objects\Money.cpp">
      <Filter>Archivos de origen\randomStuff</Filter>
    </ClCompile>
    <ClCompile Include="src\scenes\Pantry.cpp">
      <Filter>Archivos de origen\scenes</Filter>
    </ClCompile>
    <ClCompile Include="src\components\PlayerMovementController.cpp">
      <Filter>Archivos de origen\components</Filter>
    </ClCompile>
    <ClCompile Include="PruebaComponent.cpp">
      <Filter>Archivos de origen\components</Filter>
    </ClCompile>
    <ClCompile Include="src\scenes\Restaurant.cpp">
      <Filter>Archivos de origen\scenes</Filter>
    </ClCompile>
    <ClCompile Include="src\structure\Scene.cpp">
      <Filter>Archivos de origen\structure</Filter>
    </ClCompile>
    <ClCompile Include="src\structure\SceneManager.cpp">
      <Filter>Archivos de origen\structure</Filter>
    </ClCompile>
    <ClCompile Include="src\sdlutils\SDLUtils.cpp">
      <Filter>Archivos de origen\libraries</Filter>
    </ClCompile>
    <ClCompile Include="src\sdlutils\sdlutils_demo.cpp">
      <Filter>Archivos de origen\libraries</Filter>
    </ClCompile>
    <ClCompile Include="src\sdlutils\SoundEffect.cpp">
      <Filter>Archivos de origen\libraries</Filter>
    </ClCompile>
    <ClCompile Include="src\sdlutils\Texture.cpp">
      <Filter>Archivos de origen\libraries</Filter>
    </ClCompile>
    <ClCompile Include="src\scenes\UIMarket.cpp">
      <Filter>Archivos de origen\scenes</Filter>
    </ClCompile>
    <ClCompile Include="src\scenes\UIRestaurant.cpp">
      <Filter>Archivos de origen\scenes</Filter>
    </ClCompile>
    <ClCompile Include="src\utilities\Vector.cpp">
      <Filter>Archivos de origen\utils</Filter>
    </ClCompile>
    <ClCompile Include="src\utils\Vector2D.cpp">
      <Filter>Archivos de origen\libraries</Filter>
    </ClCompile>
    <ClCompile Include="src\components\Ingredients.cpp">
      <Filter>Archivos de origen\components</Filter>
    </ClCompile>
    <ClCompile Include="src\components\CookingMachineCol.cpp">
      <Filter>Archivos de origen\components</Filter>
    </ClCompile>
    <ClCompile Include="src\components\BinComponent.cpp">
      <Filter>Archivos de origen\components</Filter>
    </ClCompile>
    <ClCompile Include="src\components\CollisionComp.cpp">
      <Filter>Archivos de origen\components</Filter>
    </ClCompile>
    <ClCompile Include="src\components\TriggerComp.cpp">
      <Filter>Archivos de origen\components</Filter>
    </ClCompile>
    <ClCompile Include="src\structure\CollisionsManager.cpp">
      <Filter>Archivos de origen\structure</Filter>
    </ClCompile>
  </ItemGroup>
  <ItemGroup>
    <ClInclude Include="src\components\Animator.h">
      <Filter>Archivos de encabezado\components</Filter>
    </ClInclude>
    <ClInclude Include="src\gameObjects\Client.h">
      <Filter>Archivos de encabezado\gameObjects</Filter>
    </ClInclude>
    <ClInclude Include="src\components\ClientState.h">
      <Filter>Archivos de encabezado\components</Filter>
    </ClInclude>
    <ClInclude Include="src\utils\Collisions.h">
      <Filter>Archivos de encabezado\utils</Filter>
    </ClInclude>
    <ClInclude Include="src\exceptions\CompNotFound.h">
      <Filter>Archivos de encabezado\exceptions</Filter>
    </ClInclude>
    <ClInclude Include="src\structure\Component.h">
      <Filter>Archivos de encabezado\structure</Filter>
    </ClInclude>
    <ClInclude Include="src\gameObjects\CookingMachine.h">
      <Filter>Archivos de encabezado\gameObjects</Filter>
    </ClInclude>
    <ClInclude Include="src\components\CookingMachineComp.h">
      <Filter>Archivos de encabezado\components</Filter>
    </ClInclude>
    <ClInclude Include="src\components\StraightMovement.h">
      <Filter>Archivos de encabezado\components</Filter>
    </ClInclude>
    <ClInclude Include="src\gameObjects\Desk.h">
      <Filter>Archivos de encabezado\gameObjects</Filter>
    </ClInclude>
    <ClInclude Include="src\components\DeskComp.h">
      <Filter>Archivos de encabezado\components</Filter>
    </ClInclude>
    <ClInclude Include="src\structure\DishCombinator.h">
      <Filter>Archivos de encabezado\randomStuff</Filter>
    </ClInclude>
    <ClInclude Include="src\structure\Food_def.h">
      <Filter>Archivos de encabezado\structure</Filter>
    </ClInclude>
    <ClInclude Include="src\structure\Game.h">
      <Filter>Archivos de encabezado\structure</Filter>
    </ClInclude>
    <ClInclude Include="src\structure\GameObject.h">
      <Filter>Archivos de encabezado\structure</Filter>
    </ClInclude>
    <ClInclude Include="src\components\Image.h">
      <Filter>Archivos de encabezado\components</Filter>
    </ClInclude>
    <ClInclude Include="src\gameObjects\Inventory.h">
      <Filter>Archivos de encabezado\gameObjects</Filter>
    </ClInclude>
    <ClInclude Include="src\components\InventoryComp.h">
      <Filter>Archivos de encabezado\components</Filter>
    </ClInclude>
    <ClInclude Include="src\json\JSON.h">
      <Filter>Archivos de encabezado\libraries</Filter>
    </ClInclude>
    <ClInclude Include="src\json\json_demo.h">
      <Filter>Archivos de encabezado\libraries</Filter>
    </ClInclude>
    <ClInclude Include="src\json\JSONValue.h">
      <Filter>Archivos de encabezado\libraries</Filter>
    </ClInclude>
    <ClInclude Include="src\scenes\MainMenu.h">
      <Filter>Archivos de encabezado\scenes</Filter>
    </ClInclude>
    <ClInclude Include="src\structure\Manager.h">
      <Filter>Archivos de encabezado\structure</Filter>
    </ClInclude>
    <ClInclude Include="src\components\MapCreator.h">
      <Filter>Archivos de encabezado\components</Filter>
    </ClInclude>
    <ClInclude Include="src\objects\ClientsManager.h">
      <Filter>Archivos de encabezado\randomStuff</Filter>
    </ClInclude>
    <ClInclude Include="src\objects\Money.h">
      <Filter>Archivos de encabezado\randomStuff</Filter>
    </ClInclude>
    <ClInclude Include="src\utils\mpl.h">
      <Filter>Archivos de encabezado\libraries</Filter>
    </ClInclude>
    <ClInclude Include="src\scenes\Pantry.h">
      <Filter>Archivos de encabezado\scenes</Filter>
    </ClInclude>
    <ClInclude Include="src\gameObjects\Player.h">
      <Filter>Archivos de encabezado\gameObjects</Filter>
    </ClInclude>
    <ClInclude Include="src\components\PlayerMovementController.h">
      <Filter>Archivos de encabezado\components</Filter>
    </ClInclude>
    <ClInclude Include="prueba.h">
      <Filter>Archivos de encabezado\gameObjects</Filter>
    </ClInclude>
    <ClInclude Include="PruebaComponent.h">
      <Filter>Archivos de encabezado\components</Filter>
    </ClInclude>
    <ClInclude Include="src\scenes\Restaurant.h">
      <Filter>Archivos de encabezado\scenes</Filter>
    </ClInclude>
    <ClInclude Include="src\structure\Scene.h">
      <Filter>Archivos de encabezado\structure</Filter>
    </ClInclude>
    <ClInclude Include="src\structure\SceneManager.h">
      <Filter>Archivos de encabezado\structure</Filter>
    </ClInclude>
    <ClInclude Include="src\utils\Singleton.h">
      <Filter>Archivos de encabezado\libraries</Filter>
    </ClInclude>
    <ClInclude Include="src\structure\Structure_def.h">
      <Filter>Archivos de encabezado\structure</Filter>
    </ClInclude>
    <ClInclude Include="src\components\Transform.h">
      <Filter>Archivos de encabezado\components</Filter>
    </ClInclude>
    <ClInclude Include="src\scenes\UIMarket.h">
      <Filter>Archivos de encabezado\scenes</Filter>
    </ClInclude>
    <ClInclude Include="src\scenes\UIRestaurant.h">
      <Filter>Archivos de encabezado\scenes</Filter>
    </ClInclude>
    <ClInclude Include="src\utilities\Vector.h">
      <Filter>Archivos de encabezado\utils</Filter>
    </ClInclude>
    <ClInclude Include="src\utils\Vector2D.h">
      <Filter>Archivos de encabezado\libraries</Filter>
    </ClInclude>
    <ClInclude Include="src\components\Ingredients.h">
      <Filter>Archivos de encabezado\components</Filter>
    </ClInclude>
    <ClInclude Include="src\components\CookingMachineCol.h">
      <Filter>Archivos de encabezado\components</Filter>
    </ClInclude>
    <ClInclude Include="src\sdlutils\VirtualTimer.h">
      <Filter>Archivos de encabezado\sdlutils</Filter>
    </ClInclude>
    <ClInclude Include="src\sdlutils\SoundEffect.h">
      <Filter>Archivos de encabezado\sdlutils</Filter>
    </ClInclude>
    <ClInclude Include="src\sdlutils\Texture.h">
      <Filter>Archivos de encabezado\sdlutils</Filter>
    </ClInclude>
    <ClInclude Include="src\sdlutils\RandomNumberGenerator.h">
      <Filter>Archivos de encabezado\sdlutils</Filter>
    </ClInclude>
    <ClInclude Include="src\sdlutils\InputHandler.h">
      <Filter>Archivos de encabezado\sdlutils</Filter>
    </ClInclude>
    <ClInclude Include="src\sdlutils\SDLNetUtils.h">
      <Filter>Archivos de encabezado\sdlutils</Filter>
    </ClInclude>
    <ClInclude Include="src\sdlutils\sdlutils_demo.h">
      <Filter>Archivos de encabezado\sdlutils</Filter>
    </ClInclude>
    <ClInclude Include="src\sdlutils\Font.h">
      <Filter>Archivos de encabezado\sdlutils</Filter>
    </ClInclude>
    <ClInclude Include="src\sdlutils\macros.h">
      <Filter>Archivos de encabezado\sdlutils</Filter>
    </ClInclude>
    <ClInclude Include="src\sdlutils\Music.h">
      <Filter>Archivos de encabezado\sdlutils</Filter>
    </ClInclude>
    <ClInclude Include="src\sdlutils\SDLUtils.h">
      <Filter>Archivos de encabezado\sdlutils</Filter>
    </ClInclude>
    <ClInclude Include="src\gameObjects\Bin.h">
      <Filter>Archivos de encabezado\gameObjects</Filter>
    </ClInclude>
    <ClInclude Include="src\components\BinComponent.h">
      <Filter>Archivos de encabezado\components</Filter>
    </ClInclude>
    <ClInclude Include="src\components\CollisionComp.h">
      <Filter>Archivos de encabezado\components</Filter>
    </ClInclude>
    <ClInclude Include="src\components\TriggerComp.h">
      <Filter>Archivos de encabezado\components</Filter>
    </ClInclude>
    <ClInclude Include="src\structure\CollisionsManager.h">
      <Filter>Archivos de encabezado\structure</Filter>
    </ClInclude>
    <ClInclude Include="src\gameObjects\CollisionObject.h" />
  </ItemGroup>
  <ItemGroup>
    <Filter Include="Archivos de encabezado">
      <UniqueIdentifier>{d2c12772-9a1c-499f-8bc7-0cdc90089984}</UniqueIdentifier>
    </Filter>
    <Filter Include="Archivos de origen">
      <UniqueIdentifier>{79b0e26d-a0f8-4de7-997c-aaecef401c96}</UniqueIdentifier>
    </Filter>
    <Filter Include="Archivos de encabezado\components">
      <UniqueIdentifier>{7cae2f19-9dcd-4543-93c2-63fd26a6e0bf}</UniqueIdentifier>
    </Filter>
    <Filter Include="Archivos de encabezado\gameObjects">
      <UniqueIdentifier>{6ec7df60-0d63-41b7-a09a-cbfee15de8f8}</UniqueIdentifier>
    </Filter>
    <Filter Include="Archivos de encabezado\scenes">
      <UniqueIdentifier>{a4955513-6bf5-476c-8cde-c1932d9a3403}</UniqueIdentifier>
    </Filter>
    <Filter Include="Archivos de encabezado\structure">
      <UniqueIdentifier>{fb6aa38b-4467-465f-abe3-92afbea2705e}</UniqueIdentifier>
    </Filter>
    <Filter Include="Archivos de encabezado\randomStuff">
      <UniqueIdentifier>{bdf235f0-7c0f-40ab-967d-b35b1e5680d2}</UniqueIdentifier>
    </Filter>
    <Filter Include="Archivos de encabezado\exceptions">
      <UniqueIdentifier>{1e6dbfe1-ec0c-4385-a3da-7c896b020cc7}</UniqueIdentifier>
    </Filter>
    <Filter Include="Archivos de origen\components">
      <UniqueIdentifier>{44400c91-7456-41d8-a744-a23e596e8519}</UniqueIdentifier>
    </Filter>
    <Filter Include="Archivos de origen\randomStuff">
      <UniqueIdentifier>{e811e2b9-545f-4e4c-a855-534d8391e7c2}</UniqueIdentifier>
    </Filter>
    <Filter Include="Archivos de origen\structure">
      <UniqueIdentifier>{07afa0eb-11b2-40aa-9875-38dacb6c45d5}</UniqueIdentifier>
    </Filter>
    <Filter Include="Archivos de origen\scenes">
      <UniqueIdentifier>{3553348c-f070-4e9c-8702-39cafa0dec04}</UniqueIdentifier>
    </Filter>
    <Filter Include="Archivos de encabezado\libraries">
      <UniqueIdentifier>{887f347c-6d95-43f2-b8c2-945b2b81ce16}</UniqueIdentifier>
    </Filter>
    <Filter Include="Archivos de origen\libraries">
      <UniqueIdentifier>{719e4c91-f234-4359-941e-9e4b0ec184a6}</UniqueIdentifier>
    </Filter>
    <Filter Include="Archivos de encabezado\sdlutils">
      <UniqueIdentifier>{4b4a0b11-27e8-442b-a6a1-7a3458dba416}</UniqueIdentifier>
    </Filter>
    <Filter Include="Archivos de encabezado\utils">
      <UniqueIdentifier>{9857d721-ddb0-4aff-9b83-deac8644ec63}</UniqueIdentifier>
    </Filter>
    <Filter Include="Archivos de origen\utils">
      <UniqueIdentifier>{4399d91e-04dc-4d9c-b34b-2c8d91df7ff9}</UniqueIdentifier>
    </Filter>
  </ItemGroup>
</Project>