<?xml version="1.0" encoding="utf-8"?>
<Project ToolsVersion="4.0" xmlns="http://schemas.microsoft.com/developer/msbuild/2003">
  <ItemGroup>
    <ClCompile Include="RushTaurantSecrets.cpp">
      <Filter>Source files</Filter>
    </ClCompile>
    <ClCompile Include="src\components\Animator.cpp">
      <Filter>Source files\Components</Filter>
    </ClCompile>
    <ClCompile Include="src\components\BasketMarketComponent.cpp">
      <Filter>Source files\Components</Filter>
    </ClCompile>
    <ClCompile Include="src\scenes\BeforeDayStartScene.cpp">
      <Filter>Source files\Scenes</Filter>
    </ClCompile>
    <ClCompile Include="src\components\BinComponent.cpp">
      <Filter>Source files\Components</Filter>
    </ClCompile>
    <ClCompile Include="src\components\BinTriggerComp.cpp">
      <Filter>Source files\Components</Filter>
    </ClCompile>
    <ClCompile Include="src\components\Button.cpp">
      <Filter>Source files\Components</Filter>
    </ClCompile>
    <ClCompile Include="src\components\ButtonComp.cpp">
      <Filter>Source files\Components</Filter>
    </ClCompile>
    <ClCompile Include="src\structure\CartelManager.cpp">
      <Filter>Source files\Managers</Filter>
    </ClCompile>
    <ClCompile Include="src\components\CartelTrigger.cpp">
      <Filter>Source files\Components</Filter>
    </ClCompile>
    <ClCompile Include="src\components\CashRegisterTrigger.cpp">
      <Filter>Source files\Components</Filter>
    </ClCompile>
    <ClCompile Include="src\components\CharacterAnimator.cpp">
      <Filter>Source files\Components</Filter>
    </ClCompile>
    <ClCompile Include="src\components\ClientMovement.cpp">
      <Filter>Source files\Components</Filter>
    </ClCompile>
    <ClCompile Include="src\objects\ClientsManager.cpp">
      <Filter>Source files\Managers</Filter>
    </ClCompile>
    <ClCompile Include="src\components\ClientState.cpp">
      <Filter>Source files\Components</Filter>
    </ClCompile>
    <ClCompile Include="src\components\ClientStateRender.cpp">
      <Filter>Source files\Components</Filter>
    </ClCompile>
    <ClCompile Include="src\components\ClientTrigger.cpp">
      <Filter>Source files\Components</Filter>
    </ClCompile>
    <ClCompile Include="src\components\ClockComponent.cpp">
      <Filter>Source files\Components</Filter>
    </ClCompile>
    <ClCompile Include="src\components\CollisionComp.cpp">
      <Filter>Source files\Components</Filter>
    </ClCompile>
    <ClCompile Include="src\components\CookingMachineComp.cpp">
      <Filter>Source files\Components</Filter>
    </ClCompile>
    <ClCompile Include="src\components\CookingMachineTrigger.cpp">
      <Filter>Source files\Components</Filter>
    </ClCompile>
    <ClCompile Include="src\components\DailyMenuComp.cpp">
      <Filter>Source files\Components</Filter>
    </ClCompile>
    <ClCompile Include="src\components\DeskComp.cpp">
      <Filter>Source files\Components</Filter>
    </ClCompile>
    <ClCompile Include="src\structure\CollisionsManager.cpp">
      <Filter>Source files\Managers</Filter>
    </ClCompile>
    <ClCompile Include="src\structure\Component.cpp">
      <Filter>Source files\Structure</Filter>
    </ClCompile>
    <ClCompile Include="src\scenes\DailyMenuScene.cpp">
      <Filter>Source files\Scenes</Filter>
    </ClCompile>
    <ClCompile Include="src\objects\DayManager.cpp">
      <Filter>Source files\Managers</Filter>
    </ClCompile>
    <ClCompile Include="src\objects\DishCombinator.cpp">
      <Filter>Source files\Managers</Filter>
    </ClCompile>
    <ClCompile Include="src\components\FreezerComp.cpp">
      <Filter>Source files\Components</Filter>
    </ClCompile>
    <ClCompile Include="src\structure\Game.cpp">
      <Filter>Source files\Structure</Filter>
    </ClCompile>
    <ClCompile Include="src\structure\GameManager.cpp">
      <Filter>Source files\Structure</Filter>
    </ClCompile>
    <ClCompile Include="src\structure\GameObject.cpp">
      <Filter>Source files\Structure</Filter>
    </ClCompile>
    <ClCompile Include="src\components\goToPantryTrigger.cpp">
      <Filter>Source files\Components</Filter>
    </ClCompile>
    <ClCompile Include="src\components\HeartRender.cpp">
      <Filter>Source files\Components</Filter>
    </ClCompile>
    <ClCompile Include="src\components\Ingredients.cpp">
      <Filter>Source files\Components</Filter>
    </ClCompile>
    <ClCompile Include="src\components\InventoryComp.cpp">
      <Filter>Source files\Components</Filter>
    </ClCompile>
    <ClCompile Include="src\json\JSON.cpp">
      <Filter>Source files\Utilities</Filter>
    </ClCompile>
    <ClCompile Include="src\json\JSONValue.cpp">
      <Filter>Source files\Utilities</Filter>
    </ClCompile>
    <ClCompile Include="src\components\KitchenIslandComp.cpp">
      <Filter>Source files\Components</Filter>
    </ClCompile>
    <ClCompile Include="src\components\KitchenIslandTrigger.cpp">
      <Filter>Source files\Components</Filter>
    </ClCompile>
    <ClCompile Include="src\components\KitchenTriggerComp.cpp">
      <Filter>Source files\Components</Filter>
    </ClCompile>
    <ClCompile Include="src\scenes\MainMenu.cpp">
      <Filter>Source files\Scenes</Filter>
    </ClCompile>
    <ClCompile Include="src\components\MapCreator.cpp">
      <Filter>Source files\Components</Filter>
    </ClCompile>
    <ClCompile Include="src\components\MurderRender.cpp">
      <Filter>Source files\Components</Filter>
    </ClCompile>
    <ClCompile Include="src\components\PantryExitTrigger.cpp">
      <Filter>Source files\Components</Filter>
    </ClCompile>
    <ClCompile Include="src\components\PlayerMovementController.cpp">
      <Filter>Source files\Components</Filter>
    </ClCompile>
    <ClCompile Include="src\components\ShooRender.cpp">
      <Filter>Source files\Components</Filter>
    </ClCompile>
    <ClCompile Include="src\components\ShoppingMenuComp.cpp">
      <Filter>Source files\Components</Filter>
    </ClCompile>
    <ClCompile Include="src\scenes\Pantry.cpp">
      <Filter>Source files\Scenes</Filter>
    </ClCompile>
    <ClCompile Include="src\scenes\PauseMenu.cpp">
      <Filter>Source files\Scenes</Filter>
    </ClCompile>
    <ClCompile Include="src\scenes\Restaurant.cpp">
      <Filter>Source files\Scenes</Filter>
    </ClCompile>
    <ClCompile Include="src\structure\Scene.cpp">
      <Filter>Source files\Structure</Filter>
    </ClCompile>
    <ClCompile Include="src\sdlutils\SDLUtils.cpp">
      <Filter>Source files\Utilities</Filter>
    </ClCompile>
    <ClCompile Include="src\sdlutils\SoundEffect.cpp">
      <Filter>Source files\Utilities</Filter>
    </ClCompile>
    <ClCompile Include="src\components\StraightMovement.cpp">
      <Filter>Source files\Components</Filter>
    </ClCompile>
    <ClCompile Include="src\scenes\SuperMarket.cpp">
      <Filter>Source files\Scenes</Filter>
    </ClCompile>
    <ClCompile Include="src\components\Text.cpp">
      <Filter>Source files\Components</Filter>
    </ClCompile>
    <ClCompile Include="src\sdlutils\Texture.cpp">
      <Filter>Source files\Utilities</Filter>
    </ClCompile>
    <ClCompile Include="src\components\ThiefMovement.cpp">
      <Filter>Source files\Components</Filter>
    </ClCompile>
    <ClCompile Include="src\objects\ThiefsManager.cpp">
      <Filter>Source files\Managers</Filter>
    </ClCompile>
    <ClCompile Include="src\components\ThiefTrigger.cpp">
      <Filter>Source files\Components</Filter>
    </ClCompile>
    <ClCompile Include="src\components\TriggerComp.cpp">
      <Filter>Source files\Structure</Filter>
    </ClCompile>
    <ClCompile Include="src\components\UIAnimator.cpp">
      <Filter>Source files\Components</Filter>
    </ClCompile>
    <ClCompile Include="src\scenes\UIMarket.cpp">
      <Filter>Source files\Scenes</Filter>
    </ClCompile>
    <ClCompile Include="src\scenes\UIRestaurant.cpp">
      <Filter>Source files\Scenes</Filter>
    </ClCompile>
    <ClCompile Include="src\utilities\Vector.cpp">
      <Filter>Source files\Utilities</Filter>
    </ClCompile>
    <ClCompile Include="src\utils\Vector2D.cpp">
      <Filter>Source files\Not used%3f%3f%3f</Filter>
    </ClCompile>
    <ClCompile Include="src\utils\Collisions.cpp">
      <Filter>Source files\Not used%3f%3f%3f</Filter>
    </ClCompile>
  </ItemGroup>
  <ItemGroup>
    <ClInclude Include="src\components\Animator.h">
      <Filter>Header files\Components</Filter>
    </ClInclude>
    <ClInclude Include="src\components\BasketMarketComponent.h">
      <Filter>Header files\Components</Filter>
    </ClInclude>
    <ClInclude Include="src\components\BinComponent.h">
      <Filter>Header files\Components</Filter>
    </ClInclude>
    <ClInclude Include="src\components\BinTriggerComp.h">
      <Filter>Header files\Components</Filter>
    </ClInclude>
    <ClInclude Include="src\components\ButtonComp.h">
      <Filter>Header files\Components</Filter>
    </ClInclude>
    <ClInclude Include="src\components\CartelTrigger.h">
      <Filter>Header files\Components</Filter>
    </ClInclude>
    <ClInclude Include="src\components\CashRegisterTrigger.h">
      <Filter>Header files\Components</Filter>
    </ClInclude>
    <ClInclude Include="src\components\CharacterAnimator.h">
      <Filter>Header files\Components</Filter>
    </ClInclude>
    <ClInclude Include="src\components\ClientMovement.h">
      <Filter>Header files\Components</Filter>
    </ClInclude>
    <ClInclude Include="src\gameObjects\BasketMarket.h">
      <Filter>Header files\GameObjects</Filter>
    </ClInclude>
    <ClInclude Include="src\scenes\BeforeDayStartScene.h">
      <Filter>Header files\Scenes</Filter>
    </ClInclude>
    <ClInclude Include="src\gameObjects\Bin.h">
      <Filter>Header files\GameObjects</Filter>
    </ClInclude>
    <ClInclude Include="src\components\BoxText.h">
      <Filter>Header files\Components</Filter>
    </ClInclude>
    <ClInclude Include="src\components\Button.h">
      <Filter>Header files\Components</Filter>
    </ClInclude>
    <ClInclude Include="src\gameObjects\ButtonGO.h">
      <Filter>Header files\GameObjects</Filter>
    </ClInclude>
    <ClInclude Include="src\gameObjects\Cartel.h">
      <Filter>Header files\GameObjects</Filter>
    </ClInclude>
    <ClInclude Include="src\structure\CartelManager.h">
      <Filter>Header files\Managers</Filter>
    </ClInclude>
    <ClInclude Include="src\gameObjects\CashRegister.h">
      <Filter>Header files\GameObjects</Filter>
    </ClInclude>
    <ClInclude Include="src\utils\checkML.h">
      <Filter>Header files\Utilities</Filter>
    </ClInclude>
    <ClInclude Include="src\gameObjects\Client.h">
      <Filter>Header files\GameObjects</Filter>
    </ClInclude>
    <ClInclude Include="src\objects\ClientsManager.h">
      <Filter>Header files\Managers</Filter>
    </ClInclude>
    <ClInclude Include="src\components\ClientState.h">
      <Filter>Header files\Components</Filter>
    </ClInclude>
    <ClInclude Include="src\components\ClientStateRender.h">
      <Filter>Header files\Components</Filter>
    </ClInclude>
    <ClInclude Include="src\components\ClientTrigger.h">
      <Filter>Header files\Components</Filter>
    </ClInclude>
    <ClInclude Include="src\gameObjects\Clock.h">
      <Filter>Header files\GameObjects</Filter>
    </ClInclude>
    <ClInclude Include="src\components\ClockComponent.h">
      <Filter>Header files\Components</Filter>
    </ClInclude>
    <ClInclude Include="src\components\CollisionComp.h">
      <Filter>Header files\Components</Filter>
    </ClInclude>
    <ClInclude Include="src\gameObjects\CollisionObject.h">
      <Filter>Header files\GameObjects</Filter>
    </ClInclude>
    <ClInclude Include="src\structure\CollisionsManager.h">
      <Filter>Header files\Managers</Filter>
    </ClInclude>
    <ClInclude Include="src\exceptions\CompNotFound.h">
      <Filter>Header files\Exceptions</Filter>
    </ClInclude>
    <ClInclude Include="src\structure\Component.h">
      <Filter>Header files\Structure</Filter>
    </ClInclude>
    <ClInclude Include="src\gameObjects\CookingMachine.h">
      <Filter>Header files\GameObjects</Filter>
    </ClInclude>
    <ClInclude Include="src\components\CookingMachineComp.h">
      <Filter>Header files\Components</Filter>
    </ClInclude>
    <ClInclude Include="src\components\CookingMachineTrigger.h">
      <Filter>Header files\Components</Filter>
    </ClInclude>
    <ClInclude Include="src\components\DailyMenuComp.h">
      <Filter>Header files\Components</Filter>
    </ClInclude>
    <ClInclude Include="src\gameObjects\DailyMenu.h">
      <Filter>Header files\GameObjects</Filter>
    </ClInclude>
    <ClInclude Include="src\scenes\DailyMenuScene.h">
      <Filter>Header files\Scenes</Filter>
    </ClInclude>
    <ClInclude Include="src\objects\DayManager.h">
      <Filter>Header files\Managers</Filter>
    </ClInclude>
    <ClInclude Include="src\gameObjects\Desk.h">
      <Filter>Header files\GameObjects</Filter>
    </ClInclude>
    <ClInclude Include="src\components\DeskComp.h">
      <Filter>Header files\Components</Filter>
    </ClInclude>
    <ClInclude Include="src\gameObjects\Dialogue.h">
      <Filter>Header files\GameObjects</Filter>
    </ClInclude>
    <ClInclude Include="src\objects\DishCombinator.h">
      <Filter>Header files\Managers</Filter>
    </ClInclude>
    <ClInclude Include="src\sdlutils\Font.h">
      <Filter>Header files\Utilities</Filter>
    </ClInclude>
    <ClInclude Include="src\structure\Food_def.h">
      <Filter>Header files\Definitions</Filter>
    </ClInclude>
    <ClInclude Include="src\gameObjects\FreeText.h">
      <Filter>Header files\GameObjects</Filter>
    </ClInclude>
    <ClInclude Include="src\gameObjects\Freezer.h">
      <Filter>Header files\GameObjects</Filter>
    </ClInclude>
    <ClInclude Include="src\components\FreezerComp.h">
      <Filter>Header files\Components</Filter>
    </ClInclude>
    <ClInclude Include="src\structure\Game.h">
      <Filter>Header files\Structure</Filter>
    </ClInclude>
    <ClInclude Include="src\structure\GameManager.h">
      <Filter>Header files\Structure</Filter>
    </ClInclude>
    <ClInclude Include="src\structure\GameObject.h">
      <Filter>Header files\Structure</Filter>
    </ClInclude>
    <ClInclude Include="src\gameObjects\goToPantryObj.h">
      <Filter>Header files\GameObjects</Filter>
    </ClInclude>
    <ClInclude Include="src\components\goToPantryTrigger.h">
      <Filter>Header files\Components</Filter>
    </ClInclude>
    <ClInclude Include="src\components\Image.h">
      <Filter>Header files\Components</Filter>
    </ClInclude>
    <ClInclude Include="src\components\HeartRender.h">
      <Filter>Header files\Components</Filter>
    </ClInclude>
    <ClInclude Include="src\components\Ingredients.h">
      <Filter>Header files\Components</Filter>
    </ClInclude>
    <ClInclude Include="src\sdlutils\InputHandler.h">
      <Filter>Header files\Utilities</Filter>
    </ClInclude>
    <ClInclude Include="src\gameObjects\Inventory.h">
      <Filter>Header files\GameObjects</Filter>
    </ClInclude>
    <ClInclude Include="src\components\InventoryComp.h">
      <Filter>Header files\Components</Filter>
    </ClInclude>
    <ClInclude Include="src\json\JSON.h">
      <Filter>Header files\Utilities</Filter>
    </ClInclude>
    <ClInclude Include="src\json\JSONValue.h">
      <Filter>Header files\Utilities</Filter>
    </ClInclude>
    <ClInclude Include="src\gameObjects\KitchenIsland.h">
      <Filter>Header files\GameObjects</Filter>
    </ClInclude>
    <ClInclude Include="src\components\KitchenIslandComp.h">
      <Filter>Header files\Components</Filter>
    </ClInclude>
    <ClInclude Include="src\components\KitchenIslandTrigger.h">
      <Filter>Header files\Components</Filter>
    </ClInclude>
    <ClInclude Include="src\gameObjects\KitchenSurfaceObj.h">
      <Filter>Header files\GameObjects</Filter>
    </ClInclude>
    <ClInclude Include="src\components\KitchenTriggerComp.h">
      <Filter>Header files\Components</Filter>
    </ClInclude>
    <ClInclude Include="src\sdlutils\macros.h">
      <Filter>Header files\Utilities</Filter>
    </ClInclude>
    <ClInclude Include="src\scenes\MainMenu.h">
      <Filter>Header files\Scenes</Filter>
    </ClInclude>
    <ClInclude Include="src\structure\Manager.h">
      <Filter>Header files\Structure</Filter>
    </ClInclude>
    <ClInclude Include="src\components\MapCreator.h">
      <Filter>Header files\Components</Filter>
    </ClInclude>
    <ClInclude Include="src\objects\Money.h">
      <Filter>Header files\Managers</Filter>
    </ClInclude>
    <ClInclude Include="src\utils\mpl.h">
      <Filter>Header files\Utilities</Filter>
    </ClInclude>
    <ClInclude Include="src\components\MurderRender.h">
      <Filter>Header files\Components</Filter>
    </ClInclude>
    <ClInclude Include="src\sdlutils\Music.h">
      <Filter>Header files\Utilities</Filter>
    </ClInclude>
    <ClInclude Include="src\scenes\Pantry.h">
      <Filter>Header files\Scenes</Filter>
    </ClInclude>
    <ClInclude Include="src\gameObjects\PantryExitObj.h">
      <Filter>Header files\GameObjects</Filter>
    </ClInclude>
    <ClInclude Include="src\components\PantryExitTrigger.h">
      <Filter>Header files\Components</Filter>
    </ClInclude>
    <ClInclude Include="src\structure\Paths_def.h">
      <Filter>Header files\Definitions</Filter>
    </ClInclude>
    <ClInclude Include="src\scenes\PauseMenu.h">
      <Filter>Header files\Scenes</Filter>
    </ClInclude>
    <ClInclude Include="src\gameObjects\Player.h">
      <Filter>Header files\GameObjects</Filter>
    </ClInclude>
    <ClInclude Include="src\components\PlayerMovementController.h">
      <Filter>Header files\Components</Filter>
    </ClInclude>
    <ClInclude Include="src\sdlutils\RandomNumberGenerator.h">
      <Filter>Header files\Utilities</Filter>
    </ClInclude>
    <ClInclude Include="src\objects\RelativeToGlobal.h">
      <Filter>Header files\Utilities</Filter>
    </ClInclude>
    <ClInclude Include="src\objects\Reputation.h">
      <Filter>Header files\Managers</Filter>
    </ClInclude>
    <ClInclude Include="src\scenes\Restaurant.h">
      <Filter>Header files\Scenes</Filter>
    </ClInclude>
    <ClInclude Include="src\structure\Scene.h">
      <Filter>Header files\Structure</Filter>
    </ClInclude>
    <ClInclude Include="src\sdlutils\SDLUtils.h">
      <Filter>Header files\Utilities</Filter>
    </ClInclude>
    <ClInclude Include="src\sdlutils\SDLNetUtils.h">
      <Filter>Header files\Utilities</Filter>
    </ClInclude>
    <ClInclude Include="src\components\ShooRender.h">
      <Filter>Header files\Components</Filter>
    </ClInclude>
    <ClInclude Include="src\components\ShoppingMenuComp.h">
      <Filter>Header files\Components</Filter>
    </ClInclude>
    <ClInclude Include="src\utils\Singleton.h">
      <Filter>Header files\Utilities</Filter>
    </ClInclude>
    <ClInclude Include="src\sdlutils\SoundEffect.h">
      <Filter>Header files\Utilities</Filter>
    </ClInclude>
    <ClInclude Include="src\components\StraightMovement.h">
      <Filter>Header files\Components</Filter>
    </ClInclude>
    <ClInclude Include="src\components\Streak.h">
      <Filter>Header files\Components</Filter>
    </ClInclude>
    <ClInclude Include="src\structure\Structure_def.h">
      <Filter>Header files\Definitions</Filter>
    </ClInclude>
    <ClInclude Include="src\scenes\SuperMarket.h">
      <Filter>Header files\Scenes</Filter>
    </ClInclude>
    <ClInclude Include="src\components\Text.h">
      <Filter>Header files\Components</Filter>
    </ClInclude>
    <ClInclude Include="src\sdlutils\Texture.h">
      <Filter>Header files\Utilities</Filter>
    </ClInclude>
    <ClInclude Include="src\gameObjects\Thief.h">
      <Filter>Header files\GameObjects</Filter>
    </ClInclude>
    <ClInclude Include="src\components\ThiefMovement.h">
      <Filter>Header files\Components</Filter>
    </ClInclude>
    <ClInclude Include="src\objects\ThiefsManager.h">
      <Filter>Header files\Managers</Filter>
    </ClInclude>
    <ClInclude Include="src\components\ThiefTrigger.h">
      <Filter>Header files\Components</Filter>
    </ClInclude>
    <ClInclude Include="src\components\Transform.h">
      <Filter>Header files\Components</Filter>
    </ClInclude>
    <ClInclude Include="src\components\TriggerComp.h">
      <Filter>Header files\Structure</Filter>
    </ClInclude>
    <ClInclude Include="src\components\UIAnimator.h">
      <Filter>Header files\Components</Filter>
    </ClInclude>
    <ClInclude Include="src\scenes\UIMarket.h">
      <Filter>Header files\Scenes</Filter>
    </ClInclude>
    <ClInclude Include="src\scenes\UIRestaurant.h">
      <Filter>Header files\Scenes</Filter>
    </ClInclude>
    <ClInclude Include="src\utilities\Vector.h">
      <Filter>Header files\Utilities</Filter>
    </ClInclude>
    <ClInclude Include="src\utils\Vector2D.h">
      <Filter>Header files\Not used%3f%3f</Filter>
    </ClInclude>
    <ClInclude Include="src\sdlutils\VirtualTimer.h">
      <Filter>Header files\Utilities</Filter>
    </ClInclude>
    <ClInclude Include="src\components\Warning.h">
      <Filter>Header files\Components</Filter>
    </ClInclude>
    <ClInclude Include="src\utils\Collisions.h">
      <Filter>Header files\Not used%3f%3f</Filter>
    </ClInclude>
  </ItemGroup>
  <ItemGroup>
    <None Include="assets\dayConfig.rsdat">
      <Filter>Resource files</Filter>
    </None>
    <None Include="assets\resources.json">
      <Filter>Resource files</Filter>
    </None>
    <None Include="assets\tilesets.json">
      <Filter>Resource files</Filter>
    </None>
  </ItemGroup>
  <ItemGroup>
    <Filter Include="Header files">
      <UniqueIdentifier>{c7c55538-488a-4f65-9245-41d0ab16736a}</UniqueIdentifier>
      <Extensions>h;hh;hpp;hxx;h++;hm;inl;inc;ipp;xsd</Extensions>
    </Filter>
    <Filter Include="Resource files">
      <UniqueIdentifier>{4dd1b590-8444-435d-a2e0-2841272b6523}</UniqueIdentifier>
      <Extensions>rc;ico;cur;bmp;dlg;rc2;rct;bin;rgs;gif;jpg;jpeg;jpe;resx;tiff;tif;png;wav;mfcribbon-ms;rsdat</Extensions>
    </Filter>
    <Filter Include="Source files">
      <UniqueIdentifier>{8f9278fe-8d1a-4c4b-b18b-5892a029e8f5}</UniqueIdentifier>
      <Extensions>cpp;c;cc;cxx;c++;cppm;ixx;def;odl;idl;hpj;bat;asm;asmx</Extensions>
    </Filter>
    <Filter Include="Header files\Components">
      <UniqueIdentifier>{41155b19-5645-4c07-8667-a2d4f193f414}</UniqueIdentifier>
    </Filter>
    <Filter Include="Header files\Managers">
      <UniqueIdentifier>{0300274e-fcb8-42e9-afa3-3b7dc133f893}</UniqueIdentifier>
    </Filter>
    <Filter Include="Header files\GameObjects">
      <UniqueIdentifier>{f8fe246c-5307-498e-8533-e4ecc72f7c14}</UniqueIdentifier>
    </Filter>
    <Filter Include="Header files\Definitions">
      <UniqueIdentifier>{3a892050-91fa-4277-9c57-4ed8201dcf0e}</UniqueIdentifier>
    </Filter>
    <Filter Include="Header files\Scenes">
      <UniqueIdentifier>{b46fa64a-9286-4aec-adad-bc41dee2f556}</UniqueIdentifier>
    </Filter>
    <Filter Include="Header files\Structure">
      <UniqueIdentifier>{ee172b24-df85-4048-981b-893c7d9d6700}</UniqueIdentifier>
    </Filter>
    <Filter Include="Header files\Exceptions">
      <UniqueIdentifier>{a3b63bac-8a3d-4897-8809-2df4006c61f2}</UniqueIdentifier>
    </Filter>
    <Filter Include="Header files\Not used%3f%3f">
      <UniqueIdentifier>{0fd4f255-bbc1-45a4-93d6-31d682a28e7f}</UniqueIdentifier>
    </Filter>
    <Filter Include="Header files\Utilities">
      <UniqueIdentifier>{96018e40-1f19-4599-a875-cbe57ab83c42}</UniqueIdentifier>
    </Filter>
    <Filter Include="Source files\Components">
      <UniqueIdentifier>{26e586fa-21b6-4e03-99d2-ebca048abd90}</UniqueIdentifier>
    </Filter>
    <Filter Include="Source files\Managers">
      <UniqueIdentifier>{d69df752-8473-465c-848a-ec32d7d6c20b}</UniqueIdentifier>
    </Filter>
    <Filter Include="Source files\Definitions">
      <UniqueIdentifier>{5d5b6d94-35a1-4697-8752-39b6a6461691}</UniqueIdentifier>
    </Filter>
    <Filter Include="Source files\Exceptions">
      <UniqueIdentifier>{97cb864c-fb38-46d4-b1c2-87058fb4abf3}</UniqueIdentifier>
    </Filter>
    <Filter Include="Source files\Utilities">
      <UniqueIdentifier>{ad0a81fc-3853-4c4a-820f-ed3357318517}</UniqueIdentifier>
    </Filter>
    <Filter Include="Source files\Not used%3f%3f%3f">
      <UniqueIdentifier>{3d3f5d64-cd14-4a5f-b1bf-69643c1798d1}</UniqueIdentifier>
    </Filter>
    <Filter Include="Source files\Structure">
      <UniqueIdentifier>{f7d0252d-aa44-4f3a-b442-6514e187eabb}</UniqueIdentifier>
    </Filter>
    <Filter Include="Source files\Scenes">
      <UniqueIdentifier>{6c305934-9f77-4f97-8ecc-910339b6dff2}</UniqueIdentifier>
    </Filter>
  </ItemGroup>
</Project>