<?xml version="1.0" encoding="utf-8"?>
<Project ToolsVersion="4.0" xmlns="http://schemas.microsoft.com/developer/msbuild/2003">
  <ItemGroup>
    <ClCompile Include="RushTaurantSecrets.cpp">
      <Filter>Source files</Filter>
    </ClCompile>
    <ClCompile Include="src\Structure\Component.cpp">
      <Filter>Source files\Structure</Filter>
    </ClCompile>
    <ClCompile Include="src\Structure\Game.cpp">
      <Filter>Source files\Structure</Filter>
    </ClCompile>
    <ClCompile Include="src\Structure\GameManager.cpp">
      <Filter>Source files\Structure</Filter>
    </ClCompile>
    <ClCompile Include="src\Structure\GameObject.cpp">
      <Filter>Source files\Structure</Filter>
    </ClCompile>
    <ClCompile Include="src\Structure\Scene.cpp">
      <Filter>Source files\Structure</Filter>
    </ClCompile>
    <ClCompile Include="src\Utilities\SDLUtils.cpp">
      <Filter>Source files\Utilities</Filter>
    </ClCompile>
    <ClCompile Include="src\Managers\DayManager.cpp">
      <Filter>Source files\Managers</Filter>
    </ClCompile>
    <ClCompile Include="src\Scenes\BeforeDayStartScene.cpp">
      <Filter>Source files\Scenes</Filter>
    </ClCompile>
    <ClCompile Include="src\Scenes\DailyMenuScene.cpp">
      <Filter>Source files\Scenes</Filter>
    </ClCompile>
    <ClCompile Include="src\Scenes\MainMenu.cpp">
      <Filter>Source files\Scenes</Filter>
    </ClCompile>
    <ClCompile Include="src\Scenes\OptionsMenu.cpp">
      <Filter>Source files\Scenes</Filter>
    </ClCompile>
    <ClCompile Include="src\Scenes\Pantry.cpp">
      <Filter>Source files\Scenes</Filter>
    </ClCompile>
    <ClCompile Include="src\Scenes\PauseMenu.cpp">
      <Filter>Source files\Scenes</Filter>
    </ClCompile>
    <ClCompile Include="src\Scenes\Restaurant.cpp">
      <Filter>Source files\Scenes</Filter>
    </ClCompile>
    <ClCompile Include="src\Scenes\SuperMarket.cpp">
      <Filter>Source files\Scenes</Filter>
    </ClCompile>
    <ClCompile Include="src\Scenes\UIMarket.cpp">
      <Filter>Source files\Scenes</Filter>
    </ClCompile>
    <ClCompile Include="src\Scenes\UIRestaurant.cpp">
      <Filter>Source files\Scenes</Filter>
    </ClCompile>
    <ClCompile Include="src\Components\MapCreator.cpp">
      <Filter>Source files\Components</Filter>
    </ClCompile>
    <ClCompile Include="src\Utilities\Vector.cpp">
      <Filter>Source files\Utilities</Filter>
    </ClCompile>
    <ClCompile Include="src\Utilities\JSON.cpp">
      <Filter>Source files\Utilities</Filter>
    </ClCompile>
    <ClCompile Include="src\Utilities\Texture.cpp">
      <Filter>Source files\Utilities</Filter>
    </ClCompile>
    <ClCompile Include="src\Utilities\SoundEffect.cpp">
      <Filter>Source files\Utilities</Filter>
    </ClCompile>
    <ClCompile Include="src\Components\ClockComponent.cpp">
      <Filter>Source files\Components</Filter>
    </ClCompile>
    <ClCompile Include="src\Managers\CollisionsManager.cpp">
      <Filter>Source files\Managers</Filter>
    </ClCompile>
    <ClCompile Include="src\Managers\CartelManager.cpp">
      <Filter>Source files\Managers</Filter>
    </ClCompile>
    <ClCompile Include="src\Managers\ThiefsManager.cpp">
      <Filter>Source files\Managers</Filter>
    </ClCompile>
    <ClCompile Include="src\Managers\ClientsManager.cpp">
      <Filter>Source files\Managers</Filter>
    </ClCompile>
    <ClCompile Include="src\Managers\DishCombinator.cpp">
      <Filter>Source files\Managers</Filter>
    </ClCompile>
    <ClCompile Include="src\Components\ShoppingMenuComp.cpp">
      <Filter>Source files\Components</Filter>
    </ClCompile>
    <ClCompile Include="src\Utilities\JSONValue.cpp">
      <Filter>Source files\Utilities</Filter>
    </ClCompile>
    <ClCompile Include="src\Components\InventoryComp.cpp">
      <Filter>Source files\Components</Filter>
    </ClCompile>
    <ClCompile Include="src\Components\DailyMenuComp.cpp">
      <Filter>Source files\Components</Filter>
    </ClCompile>
    <ClCompile Include="src\Components\ButtonComp.cpp">
      <Filter>Source files\Components</Filter>
    </ClCompile>
    <ClCompile Include="src\Components\CartelTrigger.cpp">
      <Filter>Source files\Components</Filter>
    </ClCompile>
    <ClCompile Include="src\Components\CollisionComp.cpp">
      <Filter>Source files\Components</Filter>
    </ClCompile>
    <ClCompile Include="src\Components\DeskComp.cpp">
      <Filter>Source files\Components</Filter>
    </ClCompile>
    <ClCompile Include="src\Structure\TriggerComp.cpp">
      <Filter>Source files\Structure</Filter>
    </ClCompile>
    <ClCompile Include="src\Components\PlayerMovementController.cpp">
      <Filter>Source files\Components</Filter>
    </ClCompile>
    <ClCompile Include="src\Components\CharacterAnimator.cpp">
      <Filter>Source files\Components</Filter>
    </ClCompile>
    <ClCompile Include="src\Components\Ingredients.cpp">
      <Filter>Source files\Components</Filter>
    </ClCompile>
    <ClCompile Include="src\Components\BasketMarketComponent.cpp">
      <Filter>Source files\Components</Filter>
    </ClCompile>
    <ClCompile Include="src\Components\BinTriggerComp.cpp">
      <Filter>Source files\Components</Filter>
    </ClCompile>
    <ClCompile Include="src\Components\Text.cpp">
      <Filter>Source files\Components</Filter>
    </ClCompile>
    <ClCompile Include="src\Components\ClientState.cpp">
      <Filter>Source files\Components</Filter>
    </ClCompile>
    <ClCompile Include="src\Components\Animator.cpp">
      <Filter>Source files\Components</Filter>
    </ClCompile>
    <ClCompile Include="src\Components\KitchenIslandComp.cpp">
      <Filter>Source files\Components</Filter>
    </ClCompile>
    <ClCompile Include="src\Components\ThiefTrigger.cpp">
      <Filter>Source files\Components</Filter>
    </ClCompile>
    <ClCompile Include="src\Components\ShooRender.cpp">
      <Filter>Source files\Components</Filter>
    </ClCompile>
    <ClCompile Include="src\Components\ThiefMovement.cpp">
      <Filter>Source files\Components</Filter>
    </ClCompile>
    <ClCompile Include="src\Components\MurderRender.cpp">
      <Filter>Source files\Components</Filter>
    </ClCompile>
    <ClCompile Include="src\Components\ClientMovement.cpp">
      <Filter>Source files\Components</Filter>
    </ClCompile>
    <ClCompile Include="src\Components\ClientStateRender.cpp">
      <Filter>Source files\Components</Filter>
    </ClCompile>
    <ClCompile Include="src\Components\ClientTrigger.cpp">
      <Filter>Source files\Components</Filter>
    </ClCompile>
    <ClCompile Include="src\Components\HeartRender.cpp">
      <Filter>Source files\Components</Filter>
    </ClCompile>
    <ClCompile Include="src\Components\StraightMovement.cpp">
      <Filter>Source files\Components</Filter>
    </ClCompile>
    <ClCompile Include="src\Components\UIAnimator.cpp">
      <Filter>Source files\Components</Filter>
    </ClCompile>
    <ClCompile Include="src\Components\FreezerComp.cpp">
      <Filter>Source files\Components</Filter>
    </ClCompile>
    <ClCompile Include="src\Components\CashRegisterTrigger.cpp">
      <Filter>Source files\Components</Filter>
    </ClCompile>
    <ClCompile Include="src\Components\CookingMachineComp.cpp">
      <Filter>Source files\Components</Filter>
    </ClCompile>
    <ClCompile Include="src\Components\CookingMachineTrigger.cpp">
      <Filter>Source files\Components</Filter>
    </ClCompile>
    <ClCompile Include="src\Components\GoToPantryTrigger.cpp">
      <Filter>Source files\Components</Filter>
    </ClCompile>
    <ClCompile Include="src\Components\KitchenIslandTrigger.cpp">
      <Filter>Source files\Components</Filter>
    </ClCompile>
    <ClCompile Include="src\Components\KitchenTriggerComp.cpp">
      <Filter>Source files\Components</Filter>
    </ClCompile>
    <ClCompile Include="src\Components\PantryExitTrigger.cpp">
      <Filter>Source files\Components</Filter>
    </ClCompile>
    <ClCompile Include="src\Components\SuperCashRegisterTriggerComp.cpp">
      <Filter>Source files\Components</Filter>
    </ClCompile>
    <ClCompile Include="src\Scenes\EndOfDayScene.cpp">
      <Filter>Source files\Scenes</Filter>
    </ClCompile>
    <ClCompile Include="src\Scenes\GameOverScene.cpp">
      <Filter>Source files\Scenes</Filter>
    </ClCompile>
    <ClCompile Include="src\Scenes\ContinueMenu.cpp">
      <Filter>Source files\Scenes</Filter>
    </ClCompile>
    <ClCompile Include="src\Scenes\PantryUI.cpp">
      <Filter>Source files</Filter>
    </ClCompile>
    <ClCompile Include="src\Components\TimeOfDay.cpp">
      <Filter>Source files\Components</Filter>
    </ClCompile>
  </ItemGroup>
  <ItemGroup>
    <Filter Include="Header files">
      <UniqueIdentifier>{c7c55538-488a-4f65-9245-41d0ab16736a}</UniqueIdentifier>
      <Extensions>h;hh;hpp;hxx;h++;hm;inl;inc;ipp;xsd</Extensions>
    </Filter>
    <Filter Include="Source files">
      <UniqueIdentifier>{8f9278fe-8d1a-4c4b-b18b-5892a029e8f5}</UniqueIdentifier>
      <Extensions>cpp;c;cc;cxx;c++;cppm;ixx;def;odl;idl;hpj;bat;asm;asmx</Extensions>
    </Filter>
    <Filter Include="Header files\Components">
      <UniqueIdentifier>{41155b19-5645-4c07-8667-a2d4f193f414}</UniqueIdentifier>
    </Filter>
    <Filter Include="Header files\Managers">
      <UniqueIdentifier>{0300274e-fcb8-42e9-afa3-3b7dc133f893}</UniqueIdentifier>
    </Filter>
    <Filter Include="Header files\GameObjects">
      <UniqueIdentifier>{f8fe246c-5307-498e-8533-e4ecc72f7c14}</UniqueIdentifier>
    </Filter>
    <Filter Include="Header files\Definitions">
      <UniqueIdentifier>{3a892050-91fa-4277-9c57-4ed8201dcf0e}</UniqueIdentifier>
    </Filter>
    <Filter Include="Header files\Scenes">
      <UniqueIdentifier>{b46fa64a-9286-4aec-adad-bc41dee2f556}</UniqueIdentifier>
    </Filter>
    <Filter Include="Header files\Structure">
      <UniqueIdentifier>{ee172b24-df85-4048-981b-893c7d9d6700}</UniqueIdentifier>
    </Filter>
    <Filter Include="Header files\Exceptions">
      <UniqueIdentifier>{a3b63bac-8a3d-4897-8809-2df4006c61f2}</UniqueIdentifier>
    </Filter>
    <Filter Include="Header files\Not used%3f%3f">
      <UniqueIdentifier>{0fd4f255-bbc1-45a4-93d6-31d682a28e7f}</UniqueIdentifier>
    </Filter>
    <Filter Include="Header files\Utilities">
      <UniqueIdentifier>{96018e40-1f19-4599-a875-cbe57ab83c42}</UniqueIdentifier>
    </Filter>
    <Filter Include="Source files\Components">
      <UniqueIdentifier>{26e586fa-21b6-4e03-99d2-ebca048abd90}</UniqueIdentifier>
    </Filter>
    <Filter Include="Source files\Managers">
      <UniqueIdentifier>{d69df752-8473-465c-848a-ec32d7d6c20b}</UniqueIdentifier>
    </Filter>
    <Filter Include="Source files\Utilities">
      <UniqueIdentifier>{ad0a81fc-3853-4c4a-820f-ed3357318517}</UniqueIdentifier>
    </Filter>
    <Filter Include="Source files\Not used%3f%3f%3f">
      <UniqueIdentifier>{3d3f5d64-cd14-4a5f-b1bf-69643c1798d1}</UniqueIdentifier>
    </Filter>
    <Filter Include="Source files\Structure">
      <UniqueIdentifier>{f7d0252d-aa44-4f3a-b442-6514e187eabb}</UniqueIdentifier>
    </Filter>
    <Filter Include="Source files\Scenes">
      <UniqueIdentifier>{6c305934-9f77-4f97-8ecc-910339b6dff2}</UniqueIdentifier>
    </Filter>
    <Filter Include="Resource files">
      <UniqueIdentifier>{4dd1b590-8444-435d-a2e0-2841272b6523}</UniqueIdentifier>
      <Extensions>rc;ico;cur;bmp;dlg;rc2;rct;bin;rgs;gif;jpg;jpeg;jpe;resx;tiff;tif;png;wav;mfcribbon-ms;rsdat</Extensions>
    </Filter>
  </ItemGroup>
  <ItemGroup>
    <ClInclude Include="src\Structure\Component.h">
      <Filter>Header files\Structure</Filter>
    </ClInclude>
    <ClInclude Include="src\Structure\Game.h">
      <Filter>Header files\Structure</Filter>
    </ClInclude>
    <ClInclude Include="src\Structure\GameManager.h">
      <Filter>Header files\Structure</Filter>
    </ClInclude>
    <ClInclude Include="src\Structure\GameObject.h">
      <Filter>Header files\Structure</Filter>
    </ClInclude>
    <ClInclude Include="src\Structure\Manager.h">
      <Filter>Header files\Structure</Filter>
    </ClInclude>
    <ClInclude Include="src\Structure\Scene.h">
      <Filter>Header files\Structure</Filter>
    </ClInclude>
    <ClInclude Include="src\Utilities\Singleton.h">
      <Filter>Header files\Utilities</Filter>
    </ClInclude>
    <ClInclude Include="src\Utilities\checkML.h">
      <Filter>Header files\Utilities</Filter>
    </ClInclude>
    <ClInclude Include="src\Utilities\InputHandler.h">
      <Filter>Header files\Utilities</Filter>
    </ClInclude>
    <ClInclude Include="src\Utilities\SDLUtils.h">
      <Filter>Header files\Utilities</Filter>
    </ClInclude>
    <ClInclude Include="src\Managers\Reputation.h">
      <Filter>Header files\Managers</Filter>
    </ClInclude>
    <ClInclude Include="src\Managers\Money.h">
      <Filter>Header files\Managers</Filter>
    </ClInclude>
    <ClInclude Include="src\Managers\DayManager.h">
      <Filter>Header files\Managers</Filter>
    </ClInclude>
    <ClInclude Include="src\Scenes\BeforeDayStartScene.h">
      <Filter>Header files\Scenes</Filter>
    </ClInclude>
    <ClInclude Include="src\Scenes\DailyMenuScene.h">
      <Filter>Header files\Scenes</Filter>
    </ClInclude>
    <ClInclude Include="src\Scenes\MainMenu.h">
      <Filter>Header files\Scenes</Filter>
    </ClInclude>
    <ClInclude Include="src\Scenes\OptionsMenu.h">
      <Filter>Header files\Scenes</Filter>
    </ClInclude>
    <ClInclude Include="src\Scenes\Pantry.h">
      <Filter>Header files\Scenes</Filter>
    </ClInclude>
    <ClInclude Include="src\Scenes\PauseMenu.h">
      <Filter>Header files\Scenes</Filter>
    </ClInclude>
    <ClInclude Include="src\Scenes\Restaurant.h">
      <Filter>Header files\Scenes</Filter>
    </ClInclude>
    <ClInclude Include="src\Scenes\SuperMarket.h">
      <Filter>Header files\Scenes</Filter>
    </ClInclude>
    <ClInclude Include="src\Scenes\UIMarket.h">
      <Filter>Header files\Scenes</Filter>
    </ClInclude>
    <ClInclude Include="src\Scenes\UIRestaurant.h">
      <Filter>Header files\Scenes</Filter>
    </ClInclude>
    <ClInclude Include="src\Components\Transform.h">
      <Filter>Header files\Components</Filter>
    </ClInclude>
    <ClInclude Include="src\Components\MapCreator.h">
      <Filter>Header files\Components</Filter>
    </ClInclude>
    <ClInclude Include="src\Utilities\Vector.h">
      <Filter>Header files\Utilities</Filter>
    </ClInclude>
    <ClInclude Include="src\Utilities\JSON.h">
      <Filter>Header files\Utilities</Filter>
    </ClInclude>
    <ClInclude Include="src\Utilities\Font.h">
      <Filter>Header files\Utilities</Filter>
    </ClInclude>
    <ClInclude Include="src\Utilities\Music.h">
      <Filter>Header files\Utilities</Filter>
    </ClInclude>
    <ClInclude Include="src\Utilities\RandomNumberGenerator.h">
      <Filter>Header files\Utilities</Filter>
    </ClInclude>
    <ClInclude Include="src\Utilities\SoundEffect.h">
      <Filter>Header files\Utilities</Filter>
    </ClInclude>
    <ClInclude Include="src\Utilities\Texture.h">
      <Filter>Header files\Utilities</Filter>
    </ClInclude>
    <ClInclude Include="src\Utilities\VirtualTimer.h">
      <Filter>Header files\Utilities</Filter>
    </ClInclude>
    <ClInclude Include="src\Components\ClockComponent.h">
      <Filter>Header files\Components</Filter>
    </ClInclude>
    <ClInclude Include="src\GameObjects\Clock.h">
      <Filter>Header files\GameObjects</Filter>
    </ClInclude>
    <ClInclude Include="src\GameObjects\Inventory.h">
      <Filter>Header files\GameObjects</Filter>
    </ClInclude>
    <ClInclude Include="src\Components\Image.h">
      <Filter>Header files\Components</Filter>
    </ClInclude>
    <ClInclude Include="src\GameObjects\DailyMenu.h">
      <Filter>Header files\GameObjects</Filter>
    </ClInclude>
    <ClInclude Include="src\GameObjects\ButtonGO.h">
      <Filter>Header files\GameObjects</Filter>
    </ClInclude>
    <ClInclude Include="src\Managers\CollisionsManager.h">
      <Filter>Header files\Managers</Filter>
    </ClInclude>
    <ClInclude Include="src\GameObjects\Player.h">
      <Filter>Header files\GameObjects</Filter>
    </ClInclude>
    <ClInclude Include="src\Managers\CartelManager.h">
      <Filter>Header files\Managers</Filter>
    </ClInclude>
    <ClInclude Include="src\GameObjects\BasketMarket.h">
      <Filter>Header files\GameObjects</Filter>
    </ClInclude>
    <ClInclude Include="src\Managers\ThiefsManager.h">
      <Filter>Header files\Managers</Filter>
    </ClInclude>
    <ClInclude Include="src\Definitions\Food_def.h">
      <Filter>Header files\Definitions</Filter>
    </ClInclude>
    <ClInclude Include="src\Definitions\Structure_def.h">
      <Filter>Header files\Definitions</Filter>
    </ClInclude>
    <ClInclude Include="src\Managers\ClientsManager.h">
      <Filter>Header files\Managers</Filter>
    </ClInclude>
    <ClInclude Include="src\Managers\DishCombinator.h">
      <Filter>Header files\Managers</Filter>
    </ClInclude>
    <ClInclude Include="src\Definitions\Paths_def.h">
      <Filter>Header files\Definitions</Filter>
    </ClInclude>
    <ClInclude Include="src\Components\ShoppingMenuComp.h">
      <Filter>Header files\Components</Filter>
    </ClInclude>
    <ClInclude Include="src\Components\Warning.h">
      <Filter>Header files\Components</Filter>
    </ClInclude>
    <ClInclude Include="src\GameObjects\Bin.h">
      <Filter>Header files\GameObjects</Filter>
    </ClInclude>
    <ClInclude Include="src\GameObjects\Dialogue.h">
      <Filter>Header files\GameObjects</Filter>
    </ClInclude>
    <ClInclude Include="src\GameObjects\FreeText.h">
      <Filter>Header files\GameObjects</Filter>
    </ClInclude>
    <ClInclude Include="src\Components\Streak.h">
      <Filter>Header files\Components</Filter>
    </ClInclude>
    <ClInclude Include="src\Utilities\JSONValue.h">
      <Filter>Header files\Utilities</Filter>
    </ClInclude>
    <ClInclude Include="src\Utilities\macros.h">
      <Filter>Header files\Utilities</Filter>
    </ClInclude>
    <ClInclude Include="src\Components\InventoryComp.h">
      <Filter>Header files\Components</Filter>
    </ClInclude>
    <ClInclude Include="src\Components\CartelTrigger.h">
      <Filter>Header files\Components</Filter>
    </ClInclude>
    <ClInclude Include="src\Components\ButtonComp.h">
      <Filter>Header files\Components</Filter>
    </ClInclude>
    <ClInclude Include="src\Components\DailyMenuComp.h">
      <Filter>Header files\Components</Filter>
    </ClInclude>
    <ClInclude Include="src\Components\CollisionComp.h">
      <Filter>Header files\Components</Filter>
    </ClInclude>
    <ClInclude Include="src\Structure\TriggerComp.h">
      <Filter>Header files\Structure</Filter>
    </ClInclude>
    <ClInclude Include="src\Components\DeskComp.h">
      <Filter>Header files\Components</Filter>
    </ClInclude>
    <ClInclude Include="src\Components\CharacterAnimator.h">
      <Filter>Header files\Components</Filter>
    </ClInclude>
    <ClInclude Include="src\Components\Ingredients.h">
      <Filter>Header files\Components</Filter>
    </ClInclude>
    <ClInclude Include="src\Components\PlayerMovementController.h">
      <Filter>Header files\Components</Filter>
    </ClInclude>
    <ClInclude Include="src\Components\BasketMarketComponent.h">
      <Filter>Header files\Components</Filter>
    </ClInclude>
    <ClInclude Include="src\Utilities\RelativeToGlobal.h">
      <Filter>Header files\Utilities</Filter>
    </ClInclude>
    <ClInclude Include="src\GameObjects\Thief.h">
      <Filter>Header files\GameObjects</Filter>
    </ClInclude>
    <ClInclude Include="src\GameObjects\Client.h">
      <Filter>Header files\GameObjects</Filter>
    </ClInclude>
    <ClInclude Include="src\Components\BinTriggerComp.h">
      <Filter>Header files\Components</Filter>
    </ClInclude>
    <ClInclude Include="src\Components\BoxText.h">
      <Filter>Header files\Components</Filter>
    </ClInclude>
    <ClInclude Include="src\Components\Text.h">
      <Filter>Header files\Components</Filter>
    </ClInclude>
    <ClInclude Include="src\Components\ClientState.h">
      <Filter>Header files\Components</Filter>
    </ClInclude>
    <ClInclude Include="src\Exceptions\CompNotFound.h">
      <Filter>Header files\Exceptions</Filter>
    </ClInclude>
    <ClInclude Include="src\Components\Animator.h">
      <Filter>Header files\Components</Filter>
    </ClInclude>
    <ClInclude Include="src\Components\KitchenIslandComp.h">
      <Filter>Header files\Components</Filter>
    </ClInclude>
    <ClInclude Include="src\Components\ThiefTrigger.h">
      <Filter>Header files\Components</Filter>
    </ClInclude>
    <ClInclude Include="src\Components\MurderRender.h">
      <Filter>Header files\Components</Filter>
    </ClInclude>
    <ClInclude Include="src\Components\ShooRender.h">
      <Filter>Header files\Components</Filter>
    </ClInclude>
    <ClInclude Include="src\Components\ThiefMovement.h">
      <Filter>Header files\Components</Filter>
    </ClInclude>
    <ClInclude Include="src\Components\UIAnimator.h">
      <Filter>Header files\Components</Filter>
    </ClInclude>
    <ClInclude Include="src\Components\ClientMovement.h">
      <Filter>Header files\Components</Filter>
    </ClInclude>
    <ClInclude Include="src\Components\ClientStateRender.h">
      <Filter>Header files\Components</Filter>
    </ClInclude>
    <ClInclude Include="src\Components\ClientTrigger.h">
      <Filter>Header files\Components</Filter>
    </ClInclude>
    <ClInclude Include="src\Components\HeartRender.h">
      <Filter>Header files\Components</Filter>
    </ClInclude>
    <ClInclude Include="src\Components\StraightMovement.h">
      <Filter>Header files\Components</Filter>
    </ClInclude>
    <ClInclude Include="src\Components\FreezerComp.h">
      <Filter>Header files\Components</Filter>
    </ClInclude>
    <ClInclude Include="src\GameObjects\Cartel.h">
      <Filter>Header files\GameObjects</Filter>
    </ClInclude>
    <ClInclude Include="src\GameObjects\CashRegister.h">
      <Filter>Header files\GameObjects</Filter>
    </ClInclude>
    <ClInclude Include="src\GameObjects\CollisionObject.h">
      <Filter>Header files\GameObjects</Filter>
    </ClInclude>
    <ClInclude Include="src\GameObjects\CookingMachine.h">
      <Filter>Header files\GameObjects</Filter>
    </ClInclude>
    <ClInclude Include="src\GameObjects\Desk.h">
      <Filter>Header files\GameObjects</Filter>
    </ClInclude>
    <ClInclude Include="src\GameObjects\Freezer.h">
      <Filter>Header files\GameObjects</Filter>
    </ClInclude>
    <ClInclude Include="src\GameObjects\GoToPantryObj.h">
      <Filter>Header files\GameObjects</Filter>
    </ClInclude>
    <ClInclude Include="src\GameObjects\IslandIngredient.h">
      <Filter>Header files\GameObjects</Filter>
    </ClInclude>
    <ClInclude Include="src\GameObjects\KitchenIsland.h">
      <Filter>Header files\GameObjects</Filter>
    </ClInclude>
    <ClInclude Include="src\GameObjects\KitchenSurfaceObj.h">
      <Filter>Header files\GameObjects</Filter>
    </ClInclude>
    <ClInclude Include="src\GameObjects\PantryExitObj.h">
      <Filter>Header files\GameObjects</Filter>
    </ClInclude>
    <ClInclude Include="src\GameObjects\SuperCashRegister.h">
      <Filter>Header files\GameObjects</Filter>
    </ClInclude>
    <ClInclude Include="src\Components\CashRegisterTrigger.h">
      <Filter>Header files\Components</Filter>
    </ClInclude>
    <ClInclude Include="src\Components\CookingMachineComp.h">
      <Filter>Header files\Components</Filter>
    </ClInclude>
    <ClInclude Include="src\Components\CookingMachineTrigger.h">
      <Filter>Header files\Components</Filter>
    </ClInclude>
    <ClInclude Include="src\Components\GoToPantryTrigger.h">
      <Filter>Header files\Components</Filter>
    </ClInclude>
    <ClInclude Include="src\Components\KitchenIslandTrigger.h">
      <Filter>Header files\Components</Filter>
    </ClInclude>
    <ClInclude Include="src\Components\KitchenTriggerComp.h">
      <Filter>Header files\Components</Filter>
    </ClInclude>
    <ClInclude Include="src\Components\PantryExitTrigger.h">
      <Filter>Header files\Components</Filter>
    </ClInclude>
    <ClInclude Include="src\Components\SuperCashRegisterTriggerComp.h">
      <Filter>Header files\Components</Filter>
    </ClInclude>
    <ClInclude Include="src\GameObjects\DishCombinator.h">
      <Filter>Header files\GameObjects</Filter>
    </ClInclude>
    <ClInclude Include="src\Components\ThiefState.h">
      <Filter>Header files\Components</Filter>
    </ClInclude>
    <ClInclude Include="src\Scenes\EndOfDayScene.h">
      <Filter>Header files\Scenes</Filter>
    </ClInclude>
    <ClInclude Include="src\Scenes\GameOverScene.h">
      <Filter>Header files\Scenes</Filter>
    </ClInclude>
    <ClInclude Include="src\Scenes\ContinueMenu.h">
      <Filter>Header files\Scenes</Filter>
    </ClInclude>
    <ClInclude Include="src\Scenes\PantryUI.h">
      <Filter>Header files</Filter>
    </ClInclude>
    <ClInclude Include="src\GameObjects\TimeOfDayObj.h">
      <Filter>Header files\GameObjects</Filter>
    </ClInclude>
    <ClInclude Include="src\Components\TimeOfDay.h">
      <Filter>Header files\Components</Filter>
    </ClInclude>
  </ItemGroup>
  <ItemGroup>
    <None Include="assets\dayConfig.rsdat">
      <Filter>Resource files</Filter>
    </None>
    <None Include="assets\resources.json">
      <Filter>Resource files</Filter>
    </None>
    <None Include="assets\tilesets.json">
      <Filter>Resource files</Filter>
    </None>
  </ItemGroup>
</Project>